# This file is autogenerated, do not edit; changes may be undone by the next 'dep ensure'.


[[projects]]
  digest = "1:52900b7e8fc03fd22b6bd2c72373b8a314ac1040bda6fa6d3324d37e8f35bc42"
  name = "cloud.google.com/go"
  packages = [
    "compute/metadata",
    "internal/version",
    "logging",
    "logging/apiv2",
    "logging/internal",
    "monitoring/apiv3",
    "profiler",
    "trace/apiv2",
  ]
  pruneopts = "UT"
  revision = "c728a003b238b26cef9ab6753a5dc424b331c3ad"
  version = "v0.27.0"

[[projects]]
  digest = "1:9fe70def8f0ceb3d455a0acad9dadd6632287cdbf9c8c2ea50e8dabe2ade40c4"
  name = "contrib.go.opencensus.io/exporter/stackdriver"
  packages = [
    ".",
    "propagation",
  ]
  pruneopts = "UT"
  revision = "37aa2801fbf0205003e15636096ebf0373510288"
  version = "v0.5.0"

[[projects]]
  branch = "master"
  digest = "1:27490301253ac5063d502480ef3794b95222eea6cb997ae6e689a058b1cd5253"
  name = "github.com/GoogleCloudPlatform/microservices-demo"
  packages = ["src/shippingservice/genproto"]
  pruneopts = "UT"
  revision = "8deb49e5ecb2a8f16e02b507a175480a8d788163"

[[projects]]
  digest = "1:72856926f8208767b837bf51e3373f49139f61889b67dc7fd3c2a0fd711e3f7a"
  name = "github.com/golang/protobuf"
  packages = [
    "proto",
    "protoc-gen-go/descriptor",
    "ptypes",
    "ptypes/any",
    "ptypes/duration",
    "ptypes/empty",
    "ptypes/struct",
    "ptypes/timestamp",
    "ptypes/wrappers",
  ]
  pruneopts = "UT"
  revision = "aa810b61a9c79d51363740d207bb46cf8e620ed5"
  version = "v1.2.0"

[[projects]]
  branch = "master"
  digest = "1:089d56c0adb79140365b5c86815ce97233986da6f3a525c6b706773e4b83876f"
  name = "github.com/google/pprof"
  packages = ["profile"]
  pruneopts = "UT"
  revision = "e027b505a088ac3c68c339a1d7ce7724bf34538b"

[[projects]]
  digest = "1:e145e9710a10bc114a6d3e2738aadf8de146adaa031854ffdf7bbfe15da85e63"
  name = "github.com/googleapis/gax-go"
  packages = ["."]
  pruneopts = "UT"
  revision = "317e0006254c44a0ac427cc52a0e083ff0b9622f"
  version = "v2.0.0"

[[projects]]
  digest = "1:d867dfa6751c8d7a435821ad3b736310c2ed68945d05b50fb9d23aee0540c8cc"
  name = "github.com/sirupsen/logrus"
  packages = ["."]
  pruneopts = "UT"
  revision = "3e01752db0189b9157070a0e1668a620f9a85da2"
  version = "v1.0.6"

[[projects]]
  digest = "1:1bb914cfb78f68f488a91cd7872d3d06a5f83c5bbacf0296dbef44e120b00a91"
  name = "go.opencensus.io"
  packages = [
    ".",
    "internal",
    "internal/tagencoding",
    "plugin/ocgrpc",
    "plugin/ochttp",
    "plugin/ochttp/propagation/b3",
    "stats",
    "stats/internal",
    "stats/view",
    "tag",
    "trace",
    "trace/internal",
    "trace/propagation",
    "trace/tracestate",
  ]
  pruneopts = "UT"
  revision = "b11f239c032624b045c4c2bfd3d1287b4012ce89"
  version = "v0.16.0"

[[projects]]
  branch = "master"
  digest = "1:3f3a05ae0b95893d90b9b3b5afdb79a9b3d96e4e36e099d841ae602e4aca0da8"
  name = "golang.org/x/crypto"
  packages = ["ssh/terminal"]
  pruneopts = "UT"
  revision = "0e37d006457bf46f9e6692014ba72ef82c33022c"

[[projects]]
  branch = "master"
  digest = "1:1c14517b2f106c61d75006199b46a46576058661d469658cb0f90739919641d2"
  name = "golang.org/x/net"
  packages = [
    "context",
    "context/ctxhttp",
    "http/httpguts",
    "http2",
    "http2/hpack",
    "idna",
    "internal/timeseries",
    "trace",
  ]
  pruneopts = "UT"
  revision = "26e67e76b6c3f6ce91f7c52def5af501b4e0f3a2"

[[projects]]
  branch = "master"
  digest = "1:f645667d687fc8bf228865a2c5455824ef05bad08841e673673ef2bb89ac5b90"
  name = "golang.org/x/oauth2"
  packages = [
    ".",
    "google",
    "internal",
    "jws",
    "jwt",
  ]
  pruneopts = "UT"
  revision = "d2e6202438beef2727060aa7cabdd924d92ebfd9"

[[projects]]
  branch = "master"
  digest = "1:e0140c0c868c6e0f01c0380865194592c011fe521d6e12d78bfd33e756fe018a"
  name = "golang.org/x/sync"
  packages = ["semaphore"]
  pruneopts = "UT"
  revision = "1d60e4601c6fd243af51cc01ddf169918a5407ca"

[[projects]]
  branch = "master"
  digest = "1:49edbccdd6fb213dcf45486b0c939b788740451e5f2ff77aa42ca742d10da449"
  name = "golang.org/x/sys"
  packages = [
    "unix",
    "windows",
  ]
  pruneopts = "UT"
  revision = "1561086e645b2809fb9f8a1e2a38160bf8d53bf4"

[[projects]]
  digest = "1:a2ab62866c75542dd18d2b069fec854577a20211d7c0ea6ae746072a1dccdd18"
  name = "golang.org/x/text"
  packages = [
    "collate",
    "collate/build",
    "internal/colltab",
    "internal/gen",
    "internal/tag",
    "internal/triegen",
    "internal/ucd",
    "language",
    "secure/bidirule",
    "transform",
    "unicode/bidi",
    "unicode/cldr",
    "unicode/norm",
    "unicode/rangetable",
  ]
  pruneopts = "UT"
  revision = "f21a4dfb5e38f5895301dc265a8def02365cc3d0"
  version = "v0.3.0"

[[projects]]
  branch = "master"
  digest = "1:1c282e477c97e1be16f3cd5962a041073969cee2711aa8c0b8188a25727c0e39"
  name = "google.golang.org/api"
  packages = [
    "googleapi/transport",
    "internal",
    "iterator",
    "option",
    "support/bundler",
    "transport",
    "transport/grpc",
    "transport/http",
  ]
  pruneopts = "UT"
  revision = "19ff8768a5c0b8e46ea281065664787eefc24121"

[[projects]]
  digest = "1:650bc4e9ea9194737cea5950a0a1593cfa723ae29c0d0f4ef8f173cb2a4de35a"
  name = "google.golang.org/appengine"
  packages = [
    ".",
    "internal",
    "internal/app_identity",
    "internal/base",
    "internal/datastore",
    "internal/log",
    "internal/modules",
    "internal/remote_api",
    "internal/socket",
    "internal/urlfetch",
    "socket",
    "urlfetch",
  ]
  pruneopts = "UT"
  revision = "ae0ab99deb4dc413a2b4bd6c8bdd0eb67f1e4d06"
  version = "v1.2.0"

[[projects]]
  branch = "master"
  digest = "1:00d06fea2b01219a64e3dfcec7eb29930b8b801ff2344e093be1ecba94ea64ac"
  name = "google.golang.org/genproto"
  packages = [
    "googleapis/api/annotations",
    "googleapis/api/distribution",
    "googleapis/api/label",
    "googleapis/api/metric",
    "googleapis/api/monitoredres",
    "googleapis/devtools/cloudprofiler/v2",
    "googleapis/devtools/cloudtrace/v2",
    "googleapis/logging/type",
    "googleapis/logging/v2",
    "googleapis/monitoring/v3",
    "googleapis/rpc/errdetails",
    "googleapis/rpc/status",
    "protobuf/field_mask",
  ]
  pruneopts = "UT"
  revision = "c3f76f3b92d1ffa4c58a9ff842a58b8877655e0f"

[[projects]]
  digest = "1:f3fea5ef1fb1f632ae0dd9a86af6aa2048f3243d1da0075706fca1def38d9fbb"
  name = "google.golang.org/grpc"
  packages = [
    ".",
    "balancer",
    "balancer/base",
    "balancer/roundrobin",
    "codes",
    "connectivity",
    "credentials",
    "credentials/oauth",
    "encoding",
    "encoding/proto",
    "grpclog",
    "health/grpc_health_v1",
    "internal",
    "internal/backoff",
    "internal/channelz",
    "internal/envconfig",
    "internal/grpcrand",
    "internal/transport",
    "keepalive",
    "metadata",
    "naming",
    "peer",
    "reflection",
    "reflection/grpc_reflection_v1alpha",
    "resolver",
    "resolver/dns",
    "resolver/passthrough",
    "stats",
    "status",
    "tap",
  ]
  pruneopts = "UT"
  revision = "32fb0ac620c32ba40a4626ddf94d90d12cce3455"
  version = "v1.14.0"

[solve-meta]
  analyzer-name = "dep"
  analyzer-version = 1
  input-imports = [
    "cloud.google.com/go/logging",
    "cloud.google.com/go/profiler",
    "contrib.go.opencensus.io/exporter/stackdriver",
    "github.com/GoogleCloudPlatform/microservices-demo/src/shippingservice/genproto",
    "github.com/golang/protobuf/proto",
    "github.com/sirupsen/logrus",
    "go.opencensus.io/plugin/ocgrpc",
    "go.opencensus.io/stats/view",
    "go.opencensus.io/trace",
    "golang.org/x/net/context",
    "google.golang.org/grpc",
    "google.golang.org/grpc/health/grpc_health_v1",
    "google.golang.org/grpc/reflection",
  ]
  solver-name = "gps-cdcl"
  solver-version = 1
